{
  "name": "ericsfung.github.io",
  "version": "1.0.0",
  "lockfileVersion": 1,
  "requires": true,
  "dependencies": {
    "lodash.compact": {
      "version": "3.0.1",
      "resolved": "https://registry.npmjs.org/lodash.compact/-/lodash.compact-3.0.1.tgz",
      "integrity": "sha1-VAzjg3dFl1gHRx4WtKK6IeclbKU="
    },
    "node-dig-dns": {
      "version": "0.2.10",
      "resolved": "https://registry.npmjs.org/node-dig-dns/-/node-dig-dns-0.2.10.tgz",
      "integrity": "sha512-LKkPyrtNwf1oU9YYh68La4r+pN10exwcJhgNiLiJKZ7X6v9B5lMimXpqP9RE9jD+Hg/9cnvTYGtUCmt03lbpSA==",
      "requires": {
        "lodash.compact": "^3.0.1"
      }
    }
  }
}
